{
  "name": "EclipseBP",
  "lockfileVersion": 2,
  "requires": true,
  "packages": {
    "": {
      "dependencies": {
        "@minecraft/server": "^1.2.0-beta.1.19.80-preview.21",
        "@minecraft/server-ui": "^1.0.0-beta.1.19.80-preview.21"
      }
    },
    "node_modules/@minecraft/server": {
      "version": "1.2.0-beta.1.19.80-preview.21",
      "resolved": "https://registry.npmjs.org/@minecraft/server/-/server-1.2.0-beta.1.19.80-preview.21.tgz",
      "integrity": "sha512-lmyX0hvbXuAVN9D+GuAx1IDwLo3AmM5UM3xSoppbzmxwRkV/LzMzX3sqvtBDGxIcdRs41mZofssNCLutHIyGug=="
    },
    "node_modules/@minecraft/server-ui": {
      "version": "1.0.0-beta.1.19.80-preview.21",
      "resolved": "https://registry.npmjs.org/@minecraft/server-ui/-/server-ui-1.0.0-beta.1.19.80-preview.21.tgz",
      "integrity": "sha512-u7lQPhgTjEq0hVTUHscr6cBF+mUrMjgfEoiGCjxKxs2nAkdzex3t5Gzqbggiw/+DFDahJpz9GQD/cEWM77+MhA==",
      "dependencies": {
        "@minecraft/server": "1.2.0-beta.1.19.80-preview.21"
      }
    }
  },
  "dependencies": {
    "@minecraft/server": {
      "version": "1.2.0-beta.1.19.80-preview.21",
      "resolved": "https://registry.npmjs.org/@minecraft/server/-/server-1.2.0-beta.1.19.80-preview.21.tgz",
      "integrity": "sha512-lmyX0hvbXuAVN9D+GuAx1IDwLo3AmM5UM3xSoppbzmxwRkV/LzMzX3sqvtBDGxIcdRs41mZofssNCLutHIyGug=="
    },
    "@minecraft/server-ui": {
      "version": "1.0.0-beta.1.19.80-preview.21",
      "resolved": "https://registry.npmjs.org/@minecraft/server-ui/-/server-ui-1.0.0-beta.1.19.80-preview.21.tgz",
      "integrity": "sha512-u7lQPhgTjEq0hVTUHscr6cBF+mUrMjgfEoiGCjxKxs2nAkdzex3t5Gzqbggiw/+DFDahJpz9GQD/cEWM77+MhA==",
      "requires": {
        "@minecraft/server": "1.2.0-beta.1.19.80-preview.21"
      }
    }
  }
}
